// !$*UTF8*$!
{
	archiveVersion = 1;
	classes = {
	};
	objectVersion = 48;
	objects = {

/* Begin PBXBuildFile section */
		A766C5531FC697D60010FA8D /* AppDelegate.swift in Sources */ = {isa = PBXBuildFile; fileRef = A766C5521FC697D60010FA8D /* AppDelegate.swift */; };
		A766C5551FC697D60010FA8D /* WelcomeVC.swift in Sources */ = {isa = PBXBuildFile; fileRef = A766C5541FC697D60010FA8D /* WelcomeVC.swift */; };
		A766C5581FC697D60010FA8D /* Main.storyboard in Resources */ = {isa = PBXBuildFile; fileRef = A766C5561FC697D60010FA8D /* Main.storyboard */; };
		A766C55A1FC697D60010FA8D /* Assets.xcassets in Resources */ = {isa = PBXBuildFile; fileRef = A766C5591FC697D60010FA8D /* Assets.xcassets */; };
		A766C55D1FC697D60010FA8D /* LaunchScreen.storyboard in Resources */ = {isa = PBXBuildFile; fileRef = A766C55B1FC697D60010FA8D /* LaunchScreen.storyboard */; };
		A766C5661FC69D560010FA8D /* BorderButton.swift in Sources */ = {isa = PBXBuildFile; fileRef = A766C5651FC69D560010FA8D /* BorderButton.swift */; };
		A7FE7F651FDA778F006E585D /* LeagueVC.swift in Sources */ = {isa = PBXBuildFile; fileRef = A7FE7F641FDA778F006E585D /* LeagueVC.swift */; };
		A7FE7F671FDA779F006E585D /* SkillVC.swift in Sources */ = {isa = PBXBuildFile; fileRef = A7FE7F661FDA779F006E585D /* SkillVC.swift */; };
/* End PBXBuildFile section */

/* Begin PBXFileReference section */
		A766C54F1FC697D60010FA8D /* app-swoosh.app */ = {isa = PBXFileReference; explicitFileType = wrapper.application; includeInIndex = 0; path = "app-swoosh.app"; sourceTree = BUILT_PRODUCTS_DIR; };
		A766C5521FC697D60010FA8D /* AppDelegate.swift */ = {isa = PBXFileReference; lastKnownFileType = sourcecode.swift; path = AppDelegate.swift; sourceTree = "<group>"; };
		A766C5541FC697D60010FA8D /* WelcomeVC.swift */ = {isa = PBXFileReference; lastKnownFileType = sourcecode.swift; path = WelcomeVC.swift; sourceTree = "<group>"; };
		A766C5571FC697D60010FA8D /* Base */ = {isa = PBXFileReference; lastKnownFileType = file.storyboard; name = Base; path = Base.lproj/Main.storyboard; sourceTree = "<group>"; };
		A766C5591FC697D60010FA8D /* Assets.xcassets */ = {isa = PBXFileReference; lastKnownFileType = folder.assetcatalog; path = Assets.xcassets; sourceTree = "<group>"; };
		A766C55C1FC697D60010FA8D /* Base */ = {isa = PBXFileReference; lastKnownFileType = file.storyboard; name = Base; path = Base.lproj/LaunchScreen.storyboard; sourceTree = "<group>"; };
		A766C55E1FC697D60010FA8D /* Info.plist */ = {isa = PBXFileReference; lastKnownFileType = text.plist.xml; path = Info.plist; sourceTree = "<group>"; };
		A766C5651FC69D560010FA8D /* BorderButton.swift */ = {isa = PBXFileReference; lastKnownFileType = sourcecode.swift; path = BorderButton.swift; sourceTree = "<group>"; };
		A7FE7F641FDA778F006E585D /* LeagueVC.swift */ = {isa = PBXFileReference; lastKnownFileType = sourcecode.swift; path = LeagueVC.swift; sourceTree = "<group>"; };
		A7FE7F661FDA779F006E585D /* SkillVC.swift */ = {isa = PBXFileReference; lastKnownFileType = sourcecode.swift; path = SkillVC.swift; sourceTree = "<group>"; };
/* End PBXFileReference section */

/* Begin PBXFrameworksBuildPhase section */
		A766C54C1FC697D60010FA8D /* Frameworks */ = {
			isa = PBXFrameworksBuildPhase;
			buildActionMask = 2147483647;
			files = (
			);
			runOnlyForDeploymentPostprocessing = 0;
		};
/* End PBXFrameworksBuildPhase section */

/* Begin PBXGroup section */
		A766C5461FC697D50010FA8D = {
			isa = PBXGroup;
			children = (
				A766C5511FC697D60010FA8D /* app-swoosh */,
				A766C5501FC697D60010FA8D /* Products */,
			);
			sourceTree = "<group>";
		};
		A766C5501FC697D60010FA8D /* Products */ = {
			isa = PBXGroup;
			children = (
				A766C54F1FC697D60010FA8D /* app-swoosh.app */,
			);
			name = Products;
			sourceTree = "<group>";
		};
		A766C5511FC697D60010FA8D /* app-swoosh */ = {
			isa = PBXGroup;
			children = (
				A7FE7F631FDA767F006E585D /* Model */,
				A7FE7F621FDA7677006E585D /* Controller */,
				A766C5641FC69D070010FA8D /* View */,
				A766C5521FC697D60010FA8D /* AppDelegate.swift */,
				A766C5561FC697D60010FA8D /* Main.storyboard */,
				A766C5591FC697D60010FA8D /* Assets.xcassets */,
				A766C55B1FC697D60010FA8D /* LaunchScreen.storyboard */,
				A766C55E1FC697D60010FA8D /* Info.plist */,
			);
			path = "app-swoosh";
			sourceTree = "<group>";
		};
		A766C5641FC69D070010FA8D /* View */ = {
			isa = PBXGroup;
			children = (
				A766C5651FC69D560010FA8D /* BorderButton.swift */,
			);
			path = View;
			sourceTree = "<group>";
		};
		A7FE7F621FDA7677006E585D /* Controller */ = {
			isa = PBXGroup;
			children = (
				A766C5541FC697D60010FA8D /* WelcomeVC.swift */,
				A7FE7F641FDA778F006E585D /* LeagueVC.swift */,
				A7FE7F661FDA779F006E585D /* SkillVC.swift */,
			);
			path = Controller;
			sourceTree = "<group>";
		};
		A7FE7F631FDA767F006E585D /* Model */ = {
			isa = PBXGroup;
			children = (
			);
			path = Model;
			sourceTree = "<group>";
		};
/* End PBXGroup section */

/* Begin PBXNativeTarget section */
		A766C54E1FC697D60010FA8D /* app-swoosh */ = {
			isa = PBXNativeTarget;
			buildConfigurationList = A766C5611FC697D60010FA8D /* Build configuration list for PBXNativeTarget "app-swoosh" */;
			buildPhases = (
				A766C54B1FC697D60010FA8D /* Sources */,
				A766C54C1FC697D60010FA8D /* Frameworks */,
				A766C54D1FC697D60010FA8D /* Resources */,
			);
			buildRules = (
			);
			dependencies = (
			);
			name = "app-swoosh";
			productName = "app-swoosh";
			productReference = A766C54F1FC697D60010FA8D /* app-swoosh.app */;
			productType = "com.apple.product-type.application";
		};
/* End PBXNativeTarget section */

/* Begin PBXProject section */
		A766C5471FC697D50010FA8D /* Project object */ = {
			isa = PBXProject;
			attributes = {
				LastSwiftUpdateCheck = 0910;
				LastUpgradeCheck = 0910;
				ORGANIZATIONNAME = "Oliver Toohey";
				TargetAttributes = {
					A766C54E1FC697D60010FA8D = {
						CreatedOnToolsVersion = 9.1;
						ProvisioningStyle = Automatic;
					};
				};
			};
			buildConfigurationList = A766C54A1FC697D50010FA8D /* Build configuration list for PBXProject "app-swoosh" */;
			compatibilityVersion = "Xcode 8.0";
			developmentRegion = en;
			hasScannedForEncodings = 0;
			knownRegions = (
				en,
				Base,
			);
			mainGroup = A766C5461FC697D50010FA8D;
			productRefGroup = A766C5501FC697D60010FA8D /* Products */;
			projectDirPath = "";
			projectRoot = "";
			targets = (
				A766C54E1FC697D60010FA8D /* app-swoosh */,
			);
		};
/* End PBXProject section */

/* Begin PBXResourcesBuildPhase section */
		A766C54D1FC697D60010FA8D /* Resources */ = {
			isa = PBXResourcesBuildPhase;
			buildActionMask = 2147483647;
			files = (
				A766C55D1FC697D60010FA8D /* LaunchScreen.storyboard in Resources */,
				A766C55A1FC697D60010FA8D /* Assets.xcassets in Resources */,
				A766C5581FC697D60010FA8D /* Main.storyboard in Resources */,
			);
			runOnlyForDeploymentPostprocessing = 0;
		};
/* End PBXResourcesBuildPhase section */

/* Begin PBXSourcesBuildPhase section */
		A766C54B1FC697D60010FA8D /* Sources */ = {
			isa = PBXSourcesBuildPhase;
			buildActionMask = 2147483647;
			files = (
				A766C5551FC697D60010FA8D /* WelcomeVC.swift in Sources */,
				A7FE7F651FDA778F006E585D /* LeagueVC.swift in Sources */,
				A766C5531FC697D60010FA8D /* AppDelegate.swift in Sources */,
				A7FE7F671FDA779F006E585D /* SkillVC.swift in Sources */,
				A766C5661FC69D560010FA8D /* BorderButton.swift in Sources */,
			);
			runOnlyForDeploymentPostprocessing = 0;
		};
/* End PBXSourcesBuildPhase section */

/* Begin PBXVariantGroup section */
		A766C5561FC697D60010FA8D /* Main.storyboard */ = {
			isa = PBXVariantGroup;
			children = (
				A766C5571FC697D60010FA8D /* Base */,
			);
			name = Main.storyboard;
			sourceTree = "<group>";
		};
		A766C55B1FC697D60010FA8D /* LaunchScreen.storyboard */ = {
			isa = PBXVariantGroup;
			children = (
				A766C55C1FC697D60010FA8D /* Base */,
			);
			name = LaunchScreen.storyboard;
			sourceTree = "<group>";
		};
/* End PBXVariantGroup section */

/* Begin XCBuildConfiguration section */
		A766C55F1FC697D60010FA8D /* Debug */ = {
			isa = XCBuildConfiguration;
			buildSettings = {
				ALWAYS_SEARCH_USER_PATHS = NO;
				CLANG_ANALYZER_NONNULL = YES;
				CLANG_ANALYZER_NUMBER_OBJECT_CONVERSION = YES_AGGRESSIVE;
				CLANG_CXX_LANGUAGE_STANDARD = "gnu++14";
				CLANG_CXX_LIBRARY = "libc++";
				CLANG_ENABLE_MODULES = YES;
				CLANG_ENABLE_OBJC_ARC = YES;
				CLANG_WARN_BLOCK_CAPTURE_AUTORELEASING = YES;
				CLANG_WARN_BOOL_CONVERSION = YES;
				CLANG_WARN_COMMA = YES;
				CLANG_WARN_CONSTANT_CONVERSION = YES;
				CLANG_WARN_DIRECT_OBJC_ISA_USAGE = YES_ERROR;
				CLANG_WARN_DOCUMENTATION_COMMENTS = YES;
				CLANG_WARN_EMPTY_BODY = YES;
				CLANG_WARN_ENUM_CONVERSION = YES;
				CLANG_WARN_INFINITE_RECURSION = YES;
				CLANG_WARN_INT_CONVERSION = YES;
				CLANG_WARN_NON_LITERAL_NULL_CONVERSION = YES;
				CLANG_WARN_OBJC_LITERAL_CONVERSION = YES;
				CLANG_WARN_OBJC_ROOT_CLASS = YES_ERROR;
				CLANG_WARN_RANGE_LOOP_ANALYSIS = YES;
				CLANG_WARN_STRICT_PROTOTYPES = YES;
				CLANG_WARN_SUSPICIOUS_MOVE = YES;
				CLANG_WARN_UNGUARDED_AVAILABILITY = YES_AGGRESSIVE;
				CLANG_WARN_UNREACHABLE_CODE = YES;
				CLANG_WARN__DUPLICATE_METHOD_MATCH = YES;
				CODE_SIGN_IDENTITY = "iPhone Developer";
				COPY_PHASE_STRIP = NO;
				DEBUG_INFORMATION_FORMAT = dwarf;
				ENABLE_STRICT_OBJC_MSGSEND = YES;
				ENABLE_TESTABILITY = YES;
				GCC_C_LANGUAGE_STANDARD = gnu11;
				GCC_DYNAMIC_NO_PIC = NO;
				GCC_NO_COMMON_BLOCKS = YES;
				GCC_OPTIMIZATION_LEVEL = 0;
				GCC_PREPROCESSOR_DEFINITIONS = (
					"DEBUG=1",
					"$(inherited)",
				);
				GCC_WARN_64_TO_32_BIT_CONVERSION = YES;
				GCC_WARN_ABOUT_RETURN_TYPE = YES_ERROR;
				GCC_WARN_UNDECLARED_SELECTOR = YES;
				GCC_WARN_UNINITIALIZED_AUTOS = YES_AGGRESSIVE;
				GCC_WARN_UNUSED_FUNCTION = YES;
				GCC_WARN_UNUSED_VARIABLE = YES;
				IPHONEOS_DEPLOYMENT_TARGET = 11.1;
				MTL_ENABLE_DEBUG_INFO = YES;
				ONLY_ACTIVE_ARCH = YES;
				SDKROOT = iphoneos;
				SWIFT_ACTIVE_COMPILATION_CONDITIONS = DEBUG;
				SWIFT_OPTIMIZATION_LEVEL = "-Onone";
			};
			name = Debug;
		};
		A766C5601FC697D60010FA8D /* Release */ = {
			isa = XCBuildConfiguration;
			buildSettings = {
				ALWAYS_SEARCH_USER_PATHS = NO;
				CLANG_ANALYZER_NONNULL = YES;
				CLANG_ANALYZER_NUMBER_OBJECT_CONVERSION = YES_AGGRESSIVE;
				CLANG_CXX_LANGUAGE_STANDARD = "gnu++14";
				CLANG_CXX_LIBRARY = "libc++";
				CLANG_ENABLE_MODULES = YES;
				CLANG_ENABLE_OBJC_ARC = YES;
				CLANG_WARN_BLOCK_CAPTURE_AUTORELEASING = YES;
				CLANG_WARN_BOOL_CONVERSION = YES;
				CLANG_WARN_COMMA = YES;
				CLANG_WARN_CONSTANT_CONVERSION = YES;
				CLANG_WARN_DIRECT_OBJC_ISA_USAGE = YES_ERROR;
				CLANG_WARN_DOCUMENTATION_COMMENTS = YES;
				CLANG_WARN_EMPTY_BODY = YES;
				CLANG_WARN_ENUM_CONVERSION = YES;
				CLANG_WARN_INFINITE_RECURSION = YES;
				CLANG_WARN_INT_CONVERSION = YES;
				CLANG_WARN_NON_LITERAL_NULL_CONVERSION = YES;
				CLANG_WARN_OBJC_LITERAL_CONVERSION = YES;
				CLANG_WARN_OBJC_ROOT_CLASS = YES_ERROR;
				CLANG_WARN_RANGE_LOOP_ANALYSIS = YES;
				CLANG_WARN_STRICT_PROTOTYPES = YES;
				CLANG_WARN_SUSPICIOUS_MOVE = YES;
				CLANG_WARN_UNGUARDED_AVAILABILITY = YES_AGGRESSIVE;
				CLANG_WARN_UNREACHABLE_CODE = YES;
				CLANG_WARN__DUPLICATE_METHOD_MATCH = YES;
				CODE_SIGN_IDENTITY = "iPhone Developer";
				COPY_PHASE_STRIP = NO;
				DEBUG_INFORMATION_FORMAT = "dwarf-with-dsym";
				ENABLE_NS_ASSERTIONS = NO;
				ENABLE_STRICT_OBJC_MSGSEND = YES;
				GCC_C_LANGUAGE_STANDARD = gnu11;
				GCC_NO_COMMON_BLOCKS = YES;
				GCC_WARN_64_TO_32_BIT_CONVERSION = YES;
				GCC_WARN_ABOUT_RETURN_TYPE = YES_ERROR;
				GCC_WARN_UNDECLARED_SELECTOR = YES;
				GCC_WARN_UNINITIALIZED_AUTOS = YES_AGGRESSIVE;
				GCC_WARN_UNUSED_FUNCTION = YES;
				GCC_WARN_UNUSED_VARIABLE = YES;
				IPHONEOS_DEPLOYMENT_TARGET = 11.1;
				MTL_ENABLE_DEBUG_INFO = NO;
				SDKROOT = iphoneos;
				SWIFT_OPTIMIZATION_LEVEL = "-Owholemodule";
				VALIDATE_PRODUCT = YES;
			};
			name = Release;
		};
		A766C5621FC697D60010FA8D /* Debug */ = {
			isa = XCBuildConfiguration;
			buildSettings = {
				ASSETCATALOG_COMPILER_APPICON_NAME = AppIcon;
				CODE_SIGN_STYLE = Automatic;
				INFOPLIST_FILE = "app-swoosh/Info.plist";
				LD_RUNPATH_SEARCH_PATHS = "$(inherited) @executable_path/Frameworks";
				PRODUCT_BUNDLE_IDENTIFIER = "com.ottoohey.app-swoosh";
				PRODUCT_NAME = "$(TARGET_NAME)";
				SWIFT_VERSION = 4.0;
				TARGETED_DEVICE_FAMILY = "1,2";
			};
			name = Debug;
		};
		A766C5631FC697D60010FA8D /* Release */ = {
			isa = XCBuildConfiguration;
			buildSettings = {
				ASSETCATALOG_COMPILER_APPICON_NAME = AppIcon;
				CODE_SIGN_STYLE = Automatic;
				INFOPLIST_FILE = "app-swoosh/Info.plist";
				LD_RUNPATH_SEARCH_PATHS = "$(inherited) @executable_path/Frameworks";
				PRODUCT_BUNDLE_IDENTIFIER = "com.ottoohey.app-swoosh";
				PRODUCT_NAME = "$(TARGET_NAME)";
				SWIFT_VERSION = 4.0;
				TARGETED_DEVICE_FAMILY = "1,2";
			};
			name = Release;
		};
/* End XCBuildConfiguration section */

/* Begin XCConfigurationList section */
		A766C54A1FC697D50010FA8D /* Build configuration list for PBXProject "app-swoosh" */ = {
			isa = XCConfigurationList;
			buildConfigurations = (
				A766C55F1FC697D60010FA8D /* Debug */,
				A766C5601FC697D60010FA8D /* Release */,
			);
			defaultConfigurationIsVisible = 0;
			defaultConfigurationName = Release;
		};
		A766C5611FC697D60010FA8D /* Build configuration list for PBXNativeTarget "app-swoosh" */ = {
			isa = XCConfigurationList;
			buildConfigurations = (
				A766C5621FC697D60010FA8D /* Debug */,
				A766C5631FC697D60010FA8D /* Release */,
			);
			defaultConfigurationIsVisible = 0;
			defaultConfigurationName = Release;
		};
/* End XCConfigurationList section */
	};
	rootObject = A766C5471FC697D50010FA8D /* Project object */;
}
